
Microsoft Visual Studio Solution File, Format Version 12.00
# Visual Studio 2013
VisualStudioVersion = 12.0.40121.0
MinimumVisualStudioVersion = 10.0.40219.1
Project("{FAE04EC0-301F-11D3-BF4B-00C04F79EFBC}") = "GeoCV", "GeoCV\GeoCV.csproj", "{060EA56C-27B0-44AE-A536-120CA5F99593}"
EndProject
Project("{FAE04EC0-301F-11D3-BF4B-00C04F79EFBC}") = "GeoCV.Tests", "GeoCV.Tests\GeoCV.Tests.csproj", "{3A5793FD-C1B8-4FB2-AED9-C961637F8CD4}"
EndProject
Project("{2150E333-8FDC-42A3-9474-1A3956D46DE8}") = ".nuget", ".nuget", "{4F03DAE5-DFB8-453A-87A6-F0C506E006EC}"
	ProjectSection(SolutionItems) = preProject
		.nuget\packages.config = .nuget\packages.config
	EndProjectSection
EndProject
Global
	GlobalSection(SolutionConfigurationPlatforms) = preSolution
		Debug|Any CPU = Debug|Any CPU
		Release|Any CPU = Release|Any CPU
	EndGlobalSection
	GlobalSection(ProjectConfigurationPlatforms) = postSolution
		{060EA56C-27B0-44AE-A536-120CA5F99593}.Debug|Any CPU.ActiveCfg = Debug|Any CPU
		{060EA56C-27B0-44AE-A536-120CA5F99593}.Debug|Any CPU.Build.0 = Debug|Any CPU
		{060EA56C-27B0-44AE-A536-120CA5F99593}.Release|Any CPU.ActiveCfg = Release|Any CPU
		{060EA56C-27B0-44AE-A536-120CA5F99593}.Release|Any CPU.Build.0 = Release|Any CPU
		{3A5793FD-C1B8-4FB2-AED9-C961637F8CD4}.Debug|Any CPU.ActiveCfg = Debug|Any CPU
		{3A5793FD-C1B8-4FB2-AED9-C961637F8CD4}.Debug|Any CPU.Build.0 = Debug|Any CPU
		{3A5793FD-C1B8-4FB2-AED9-C961637F8CD4}.Release|Any CPU.ActiveCfg = Release|Any CPU
		{3A5793FD-C1B8-4FB2-AED9-C961637F8CD4}.Release|Any CPU.Build.0 = Release|Any CPU
	EndGlobalSection
	GlobalSection(SolutionProperties) = preSolution
		HideSolutionNode = FALSE
	EndGlobalSection
EndGlobal
